github.com/mus-format/common-go v0.0.0-20240704141923-ea7d12c7eed3 h1:lq6NjZLxX27LghMjyTAZvt3c7Hi82VbhSuyTw3iYIDU=
github.com/mus-format/common-go v0.0.0-20240704141923-ea7d12c7eed3/go.mod h1:1hTb8w0YdSGIOU6wNY+e9uXnDZ9OQnUivNtd8cPSdoU=
github.com/mus-format/mus-stream-dts-go v0.4.0 h1:1I4Uxq7QiMQw5IVz4syVjq24ckl+H+8gc0fm0DJlP14=
github.com/mus-format/mus-stream-dts-go v0.4.0/go.mod h1:QS0pdBHamWQ/wS2aIqBMxbdQum5Msgcg7kN+ehDc9LY=
github.com/mus-format/mus-stream-go v0.4.1 h1:E6eD2lTDJzLKYhbf2yL0XZ09o02mKK38D4X8dMu3dV8=
github.com/mus-format/mus-stream-go v0.4.1/go.mod h1:PioCqrxiUifQEKHvL2MJzLPkYs5LMITIMrCbL1COMdw=
github.com/ymz-ncnk/mok v0.2.0 h1:4xOvkG0EXDlr05ZTSeRzM2q5mbyNbALRqRoI+cTwUyc=
github.com/ymz-ncnk/mok v0.2.0/go.mod h1:VDVVGULp0vdJeD27SgJghOFGyD7w3nX7SDh8TOlvIsY=
golang.org/x/exp v0.0.0-20230515195305-f3d0a9c9a5cc h1:mCRnTeVUjcrhlRmO0VK8a6k6Rrf6TF9htwo2pJVSjIU=
golang.org/x/exp v0.0.0-20230515195305-f3d0a9c9a5cc/go.mod h1:V1LtkGg67GoY2N1AnLN78QLrzxkLyJw7RJb1gzOOz9w=
